
Microsoft Visual Studio Solution File, Format Version 12.00
# Visual Studio Version 17
VisualStudioVersion = 17.14.36221.1 d17.14
MinimumVisualStudioVersion = 10.0.40219.1
Project("{8BC9CEB8-8B4A-11D0-8D11-00A0C91BC942}") = "Project1", "Project1\Project1.vcxproj", "{D2D33C46-17DD-421C-B3F1-D3D51240BC22}"
EndProject
Global
	GlobalSection(SolutionConfigurationPlatforms) = preSolution
		Debug|x64 = Debug|x64
		Debug|x86 = Debug|x86
		Release|x64 = Release|x64
		Release|x86 = Release|x86
	EndGlobalSection
	GlobalSection(ProjectConfigurationPlatforms) = postSolution
		{D2D33C46-17DD-421C-B3F1-D3D51240BC22}.Debug|x64.ActiveCfg = Debug|x64
		{D2D33C46-17DD-421C-B3F1-D3D51240BC22}.Debug|x64.Build.0 = Debug|x64
		{D2D33C46-17DD-421C-B3F1-D3D51240BC22}.Debug|x86.ActiveCfg = Debug|Win32
		{D2D33C46-17DD-421C-B3F1-D3D51240BC22}.Debug|x86.Build.0 = Debug|Win32
		{D2D33C46-17DD-421C-B3F1-D3D51240BC22}.Release|x64.ActiveCfg = Release|x64
		{D2D33C46-17DD-421C-B3F1-D3D51240BC22}.Release|x64.Build.0 = Release|x64
		{D2D33C46-17DD-421C-B3F1-D3D51240BC22}.Release|x86.ActiveCfg = Release|Win32
		{D2D33C46-17DD-421C-B3F1-D3D51240BC22}.Release|x86.Build.0 = Release|Win32
	EndGlobalSection
	GlobalSection(SolutionProperties) = preSolution
		HideSolutionNode = FALSE
	EndGlobalSection
	GlobalSection(ExtensibilityGlobals) = postSolution
		SolutionGuid = {FB1EA436-012A-4B0E-9BD0-9D9A88F90415}
	EndGlobalSection
EndGlobal
